
Microsoft Visual Studio Solution File, Format Version 12.00
# Visual Studio 15
VisualStudioVersion = 15.0.35213.121
MinimumVisualStudioVersion = 10.0.40219.1
Project("{FAE04EC0-301F-11D3-BF4B-00C04F79EFBC}") = "AraçKiralama", "AraçKiralama\AraçKiralama.csproj", "{206E79EF-575F-40A1-A070-9D3BD39D57F1}"
EndProject
Global
	GlobalSection(SolutionConfigurationPlatforms) = preSolution
		Debug|Any CPU = Debug|Any CPU
		Release|Any CPU = Release|Any CPU
	EndGlobalSection
	GlobalSection(ProjectConfigurationPlatforms) = postSolution
		{206E79EF-575F-40A1-A070-9D3BD39D57F1}.Debug|Any CPU.ActiveCfg = Debug|Any CPU
		{206E79EF-575F-40A1-A070-9D3BD39D57F1}.Debug|Any CPU.Build.0 = Debug|Any CPU
		{206E79EF-575F-40A1-A070-9D3BD39D57F1}.Release|Any CPU.ActiveCfg = Release|Any CPU
		{206E79EF-575F-40A1-A070-9D3BD39D57F1}.Release|Any CPU.Build.0 = Release|Any CPU
	EndGlobalSection
	GlobalSection(SolutionProperties) = preSolution
		HideSolutionNode = FALSE
	EndGlobalSection
	GlobalSection(ExtensibilityGlobals) = postSolution
		SolutionGuid = {3C4FEF7A-2FD5-41D6-B555-B2E2BADDAE6B}
	EndGlobalSection
EndGlobal
